
Microsoft Visual Studio Solution File, Format Version 12.00
# Visual Studio Version 17
VisualStudioVersion = 17.7.34024.191
MinimumVisualStudioVersion = 10.0.40219.1
Project("{8BC9CEB8-8B4A-11D0-8D11-00A0C91BC942}") = "ProjectFileSeperate", "ProjectFileSeperate.vcxproj", "{7DFB2820-6F13-466D-B83D-33A6F5A5E983}"
EndProject
Global
	GlobalSection(SolutionConfigurationPlatforms) = preSolution
		Debug|x64 = Debug|x64
		Debug|x86 = Debug|x86
		Release|x64 = Release|x64
		Release|x86 = Release|x86
	EndGlobalSection
	GlobalSection(ProjectConfigurationPlatforms) = postSolution
		{7DFB2820-6F13-466D-B83D-33A6F5A5E983}.Debug|x64.ActiveCfg = Debug|x64
		{7DFB2820-6F13-466D-B83D-33A6F5A5E983}.Debug|x64.Build.0 = Debug|x64
		{7DFB2820-6F13-466D-B83D-33A6F5A5E983}.Debug|x86.ActiveCfg = Debug|Win32
		{7DFB2820-6F13-466D-B83D-33A6F5A5E983}.Debug|x86.Build.0 = Debug|Win32
		{7DFB2820-6F13-466D-B83D-33A6F5A5E983}.Release|x64.ActiveCfg = Release|x64
		{7DFB2820-6F13-466D-B83D-33A6F5A5E983}.Release|x64.Build.0 = Release|x64
		{7DFB2820-6F13-466D-B83D-33A6F5A5E983}.Release|x86.ActiveCfg = Release|Win32
		{7DFB2820-6F13-466D-B83D-33A6F5A5E983}.Release|x86.Build.0 = Release|Win32
	EndGlobalSection
	GlobalSection(SolutionProperties) = preSolution
		HideSolutionNode = FALSE
	EndGlobalSection
	GlobalSection(ExtensibilityGlobals) = postSolution
		SolutionGuid = {638EEF19-84BC-4B30-8684-AAB218C797DB}
	EndGlobalSection
EndGlobal
